// !$*UTF8*$!
{
	archiveVersion = 1;
	classes = {
	};
	objectVersion = 46;
	objects = {

/* Begin PBXBuildFile section */
		B5ECC7DD1E25C91600CA6312 /* AppDelegate.swift in Sources */ = {isa = PBXBuildFile; fileRef = B5ECC7DC1E25C91600CA6312 /* AppDelegate.swift */; };
		B5ECC7DF1E25C91600CA6312 /* ViewController.swift in Sources */ = {isa = PBXBuildFile; fileRef = B5ECC7DE1E25C91600CA6312 /* ViewController.swift */; };
		B5ECC7E41E25C91600CA6312 /* Assets.xcassets in Resources */ = {isa = PBXBuildFile; fileRef = B5ECC7E31E25C91600CA6312 /* Assets.xcassets */; };
		B5F3C4151E260BCC005D9AF6 /* LaunchScreen.storyboard in Resources */ = {isa = PBXBuildFile; fileRef = B5F3C4141E260BCC005D9AF6 /* LaunchScreen.storyboard */; };
/* End PBXBuildFile section */

/* Begin PBXFileReference section */
		B5ECC7D91E25C91600CA6312 /* SmartList.app */ = {isa = PBXFileReference; explicitFileType = wrapper.application; includeInIndex = 0; path = SmartList.app; sourceTree = BUILT_PRODUCTS_DIR; };
		B5ECC7DC1E25C91600CA6312 /* AppDelegate.swift */ = {isa = PBXFileReference; lastKnownFileType = sourcecode.swift; path = AppDelegate.swift; sourceTree = "<group>"; };
		B5ECC7DE1E25C91600CA6312 /* ViewController.swift */ = {isa = PBXFileReference; lastKnownFileType = sourcecode.swift; path = ViewController.swift; sourceTree = "<group>"; };
		B5ECC7E31E25C91600CA6312 /* Assets.xcassets */ = {isa = PBXFileReference; lastKnownFileType = folder.assetcatalog; path = Assets.xcassets; sourceTree = "<group>"; };
		B5ECC7E81E25C91600CA6312 /* Info.plist */ = {isa = PBXFileReference; lastKnownFileType = text.plist.xml; path = Info.plist; sourceTree = "<group>"; };
		B5F3C4141E260BCC005D9AF6 /* LaunchScreen.storyboard */ = {isa = PBXFileReference; fileEncoding = 4; lastKnownFileType = file.storyboard; name = LaunchScreen.storyboard; path = ../LaunchScreen.storyboard; sourceTree = "<group>"; };
/* End PBXFileReference section */

/* Begin PBXFrameworksBuildPhase section */
		B5ECC7D61E25C91600CA6312 /* Frameworks */ = {
			isa = PBXFrameworksBuildPhase;
			buildActionMask = 2147483647;
			files = (
			);
			runOnlyForDeploymentPostprocessing = 0;
		};
/* End PBXFrameworksBuildPhase section */

/* Begin PBXGroup section */
		B5ECC7D01E25C91600CA6312 = {
			isa = PBXGroup;
			children = (
				B5ECC7DB1E25C91600CA6312 /* SmartList */,
				B5ECC7DA1E25C91600CA6312 /* Products */,
			);
			sourceTree = "<group>";
		};
		B5ECC7DA1E25C91600CA6312 /* Products */ = {
			isa = PBXGroup;
			children = (
				B5ECC7D91E25C91600CA6312 /* SmartList.app */,
			);
			name = Products;
			sourceTree = "<group>";
		};
		B5ECC7DB1E25C91600CA6312 /* SmartList */ = {
			isa = PBXGroup;
			children = (
				B5ECC7DC1E25C91600CA6312 /* AppDelegate.swift */,
				B5ECC7DE1E25C91600CA6312 /* ViewController.swift */,
				B5ECC7E31E25C91600CA6312 /* Assets.xcassets */,
				B5F3C4141E260BCC005D9AF6 /* LaunchScreen.storyboard */,
				B5ECC7E81E25C91600CA6312 /* Info.plist */,
			);
			path = SmartList;
			sourceTree = "<group>";
		};
/* End PBXGroup section */

/* Begin PBXNativeTarget section */
		B5ECC7D81E25C91600CA6312 /* SmartList */ = {
			isa = PBXNativeTarget;
			buildConfigurationList = B5ECC7EB1E25C91600CA6312 /* Build configuration list for PBXNativeTarget "SmartList" */;
			buildPhases = (
				B5ECC7D51E25C91600CA6312 /* Sources */,
				B5ECC7D61E25C91600CA6312 /* Frameworks */,
				B5ECC7D71E25C91600CA6312 /* Resources */,
			);
			buildRules = (
			);
			dependencies = (
			);
			name = SmartList;
			productName = SmartList;
			productReference = B5ECC7D91E25C91600CA6312 /* SmartList.app */;
			productType = "com.apple.product-type.application";
		};
/* End PBXNativeTarget section */

/* Begin PBXProject section */
		B5ECC7D11E25C91600CA6312 /* Project object */ = {
			isa = PBXProject;
			attributes = {
				LastSwiftUpdateCheck = 0810;
				LastUpgradeCheck = 0810;
				ORGANIZATIONNAME = smartx;
				TargetAttributes = {
					B5ECC7D81E25C91600CA6312 = {
						CreatedOnToolsVersion = 8.1;
						DevelopmentTeam = LHJA6J73E9;
						ProvisioningStyle = Automatic;
					};
				};
			};
			buildConfigurationList = B5ECC7D41E25C91600CA6312 /* Build configuration list for PBXProject "SmartList" */;
			compatibilityVersion = "Xcode 3.2";
			developmentRegion = English;
			hasScannedForEncodings = 0;
			knownRegions = (
				en,
				Base,
			);
			mainGroup = B5ECC7D01E25C91600CA6312;
			productRefGroup = B5ECC7DA1E25C91600CA6312 /* Products */;
			projectDirPath = "";
			projectRoot = "";
			targets = (
				B5ECC7D81E25C91600CA6312 /* SmartList */,
			);
		};
/* End PBXProject section */

/* Begin PBXResourcesBuildPhase section */
		B5ECC7D71E25C91600CA6312 /* Resources */ = {
			isa = PBXResourcesBuildPhase;
			buildActionMask = 2147483647;
			files = (
				B5ECC7E41E25C91600CA6312 /* Assets.xcassets in Resources */,
				B5F3C4151E260BCC005D9AF6 /* LaunchScreen.storyboard in Resources */,
			);
			runOnlyForDeploymentPostprocessing = 0;
		};
/* End PBXResourcesBuildPhase section */

/* Begin PBXSourcesBuildPhase section */
		B5ECC7D51E25C91600CA6312 /* Sources */ = {
			isa = PBXSourcesBuildPhase;
			buildActionMask = 2147483647;
			files = (
				B5ECC7DF1E25C91600CA6312 /* ViewController.swift in Sources */,
				B5ECC7DD1E25C91600CA6312 /* AppDelegate.swift in Sources */,
			);
			runOnlyForDeploymentPostprocessing = 0;
		};
/* End PBXSourcesBuildPhase section */

/* Begin XCBuildConfiguration section */
		B5ECC7E91E25C91600CA6312 /* Debug */ = {
			isa = XCBuildConfiguration;
			buildSettings = {
				ALWAYS_SEARCH_USER_PATHS = NO;
				CLANG_ANALYZER_NONNULL = YES;
				CLANG_CXX_LANGUAGE_STANDARD = "gnu++0x";
				CLANG_CXX_LIBRARY = "libc++";
				CLANG_ENABLE_MODULES = YES;
				CLANG_ENABLE_OBJC_ARC = YES;
				CLANG_WARN_BOOL_CONVERSION = YES;
				CLANG_WARN_CONSTANT_CONVERSION = YES;
				CLANG_WARN_DIRECT_OBJC_ISA_USAGE = YES_ERROR;
				CLANG_WARN_DOCUMENTATION_COMMENTS = YES;
				CLANG_WARN_EMPTY_BODY = YES;
				CLANG_WARN_ENUM_CONVERSION = YES;
				CLANG_WARN_INFINITE_RECURSION = YES;
				CLANG_WARN_INT_CONVERSION = YES;
				CLANG_WARN_OBJC_ROOT_CLASS = YES_ERROR;
				CLANG_WARN_SUSPICIOUS_MOVES = YES;
				CLANG_WARN_UNREACHABLE_CODE = YES;
				CLANG_WARN__DUPLICATE_METHOD_MATCH = YES;
				"CODE_SIGN_IDENTITY[sdk=iphoneos*]" = "iPhone Developer";
				COPY_PHASE_STRIP = NO;
				DEBUG_INFORMATION_FORMAT = dwarf;
				ENABLE_STRICT_OBJC_MSGSEND = YES;
				ENABLE_TESTABILITY = YES;
				GCC_C_LANGUAGE_STANDARD = gnu99;
				GCC_DYNAMIC_NO_PIC = NO;
				GCC_NO_COMMON_BLOCKS = YES;
				GCC_OPTIMIZATION_LEVEL = 0;
				GCC_PREPROCESSOR_DEFINITIONS = (
					"DEBUG=1",
					"$(inherited)",
				);
				GCC_WARN_64_TO_32_BIT_CONVERSION = YES;
				GCC_WARN_ABOUT_RETURN_TYPE = YES_ERROR;
				GCC_WARN_UNDECLARED_SELECTOR = YES;
				GCC_WARN_UNINITIALIZED_AUTOS = YES_AGGRESSIVE;
				GCC_WARN_UNUSED_FUNCTION = YES;
				GCC_WARN_UNUSED_VARIABLE = YES;
				IPHONEOS_DEPLOYMENT_TARGET = 10.1;
				MTL_ENABLE_DEBUG_INFO = YES;
				ONLY_ACTIVE_ARCH = YES;
				SDKROOT = iphoneos;
				SWIFT_ACTIVE_COMPILATION_CONDITIONS = DEBUG;
				SWIFT_OPTIMIZATION_LEVEL = "-Onone";
			};
			name = Debug;
		};
		B5ECC7EA1E25C91600CA6312 /* Release */ = {
			isa = XCBuildConfiguration;
			buildSettings = {
				ALWAYS_SEARCH_USER_PATHS = NO;
				CLANG_ANALYZER_NONNULL = YES;
				CLANG_CXX_LANGUAGE_STANDARD = "gnu++0x";
				CLANG_CXX_LIBRARY = "libc++";
				CLANG_ENABLE_MODULES = YES;
				CLANG_ENABLE_OBJC_ARC = YES;
				CLANG_WARN_BOOL_CONVERSION = YES;
				CLANG_WARN_CONSTANT_CONVERSION = YES;
				CLANG_WARN_DIRECT_OBJC_ISA_USAGE = YES_ERROR;
				CLANG_WARN_DOCUMENTATION_COMMENTS = YES;
				CLANG_WARN_EMPTY_BODY = YES;
				CLANG_WARN_ENUM_CONVERSION = YES;
				CLANG_WARN_INFINITE_RECURSION = YES;
				CLANG_WARN_INT_CONVERSION = YES;
				CLANG_WARN_OBJC_ROOT_CLASS = YES_ERROR;
				CLANG_WARN_SUSPICIOUS_MOVES = YES;
				CLANG_WARN_UNREACHABLE_CODE = YES;
				CLANG_WARN__DUPLICATE_METHOD_MATCH = YES;
				"CODE_SIGN_IDENTITY[sdk=iphoneos*]" = "iPhone Developer";
				COPY_PHASE_STRIP = NO;
				DEBUG_INFORMATION_FORMAT = "dwarf-with-dsym";
				ENABLE_NS_ASSERTIONS = NO;
				ENABLE_STRICT_OBJC_MSGSEND = YES;
				GCC_C_LANGUAGE_STANDARD = gnu99;
				GCC_NO_COMMON_BLOCKS = YES;
				GCC_WARN_64_TO_32_BIT_CONVERSION = YES;
				GCC_WARN_ABOUT_RETURN_TYPE = YES_ERROR;
				GCC_WARN_UNDECLARED_SELECTOR = YES;
				GCC_WARN_UNINITIALIZED_AUTOS = YES_AGGRESSIVE;
				GCC_WARN_UNUSED_FUNCTION = YES;
				GCC_WARN_UNUSED_VARIABLE = YES;
				IPHONEOS_DEPLOYMENT_TARGET = 10.1;
				MTL_ENABLE_DEBUG_INFO = NO;
				SDKROOT = iphoneos;
				SWIFT_OPTIMIZATION_LEVEL = "-Owholemodule";
				VALIDATE_PRODUCT = YES;
			};
			name = Release;
		};
		B5ECC7EC1E25C91600CA6312 /* Debug */ = {
			isa = XCBuildConfiguration;
			buildSettings = {
				ASSETCATALOG_COMPILER_APPICON_NAME = AppIcon;
				DEVELOPMENT_TEAM = LHJA6J73E9;
				INFOPLIST_FILE = SmartList/Info.plist;
				LD_RUNPATH_SEARCH_PATHS = "$(inherited) @executable_path/Frameworks";
				PRODUCT_BUNDLE_IDENTIFIER = com.smartx.SmartList;
				PRODUCT_NAME = "$(TARGET_NAME)";
				SWIFT_VERSION = 3.0;
			};
			name = Debug;
		};
		B5ECC7ED1E25C91600CA6312 /* Release */ = {
			isa = XCBuildConfiguration;
			buildSettings = {
				ASSETCATALOG_COMPILER_APPICON_NAME = AppIcon;
				DEVELOPMENT_TEAM = LHJA6J73E9;
				INFOPLIST_FILE = SmartList/Info.plist;
				LD_RUNPATH_SEARCH_PATHS = "$(inherited) @executable_path/Frameworks";
				PRODUCT_BUNDLE_IDENTIFIER = com.smartx.SmartList;
				PRODUCT_NAME = "$(TARGET_NAME)";
				SWIFT_VERSION = 3.0;
			};
			name = Release;
		};
/* End XCBuildConfiguration section */

/* Begin XCConfigurationList section */
		B5ECC7D41E25C91600CA6312 /* Build configuration list for PBXProject "SmartList" */ = {
			isa = XCConfigurationList;
			buildConfigurations = (
				B5ECC7E91E25C91600CA6312 /* Debug */,
				B5ECC7EA1E25C91600CA6312 /* Release */,
			);
			defaultConfigurationIsVisible = 0;
			defaultConfigurationName = Release;
		};
		B5ECC7EB1E25C91600CA6312 /* Build configuration list for PBXNativeTarget "SmartList" */ = {
			isa = XCConfigurationList;
			buildConfigurations = (
				B5ECC7EC1E25C91600CA6312 /* Debug */,
				B5ECC7ED1E25C91600CA6312 /* Release */,
			);
			defaultConfigurationIsVisible = 0;
			defaultConfigurationName = Release;
		};
/* End XCConfigurationList section */
	};
	rootObject = B5ECC7D11E25C91600CA6312 /* Project object */;
}
